
Microsoft Visual Studio Solution File, Format Version 12.00
# Visual Studio Version 16
VisualStudioVersion = 16.0.31424.327
MinimumVisualStudioVersion = 10.0.40219.1
Project("{FAE04EC0-301F-11D3-BF4B-00C04F79EFBC}") = "NotifyIcon", "NotifyIcon.csproj", "{D7118714-DF90-4601-9E00-2C19E98E4BBE}"
EndProject
Global
	GlobalSection(SolutionConfigurationPlatforms) = preSolution
		Debug|Any CPU = Debug|Any CPU
		Release|Any CPU = Release|Any CPU
	EndGlobalSection
	GlobalSection(ProjectConfigurationPlatforms) = postSolution
		{D7118714-DF90-4601-9E00-2C19E98E4BBE}.Debug|Any CPU.ActiveCfg = Debug|Any CPU
		{D7118714-DF90-4601-9E00-2C19E98E4BBE}.Debug|Any CPU.Build.0 = Debug|Any CPU
		{D7118714-DF90-4601-9E00-2C19E98E4BBE}.Release|Any CPU.ActiveCfg = Release|Any CPU
		{D7118714-DF90-4601-9E00-2C19E98E4BBE}.Release|Any CPU.Build.0 = Release|Any CPU
	EndGlobalSection
	GlobalSection(SolutionProperties) = preSolution
		HideSolutionNode = FALSE
	EndGlobalSection
	GlobalSection(ExtensibilityGlobals) = postSolution
		SolutionGuid = {72B925D4-591C-4996-8004-77C3989D398C}
	EndGlobalSection
EndGlobal
