
Microsoft Visual Studio Solution File, Format Version 12.00
# Visual Studio Version 16
VisualStudioVersion = 16.0.31424.327
MinimumVisualStudioVersion = 10.0.40219.1
Project("{FAE04EC0-301F-11D3-BF4B-00C04F79EFBC}") = "WindowGUI", "WindowGUI.csproj", "{74C9ADEF-8110-495B-8963-A57F3B164670}"
EndProject
Global
	GlobalSection(SolutionConfigurationPlatforms) = preSolution
		Debug|Any CPU = Debug|Any CPU
		Release|Any CPU = Release|Any CPU
	EndGlobalSection
	GlobalSection(ProjectConfigurationPlatforms) = postSolution
		{74C9ADEF-8110-495B-8963-A57F3B164670}.Debug|Any CPU.ActiveCfg = Debug|Any CPU
		{74C9ADEF-8110-495B-8963-A57F3B164670}.Debug|Any CPU.Build.0 = Debug|Any CPU
		{74C9ADEF-8110-495B-8963-A57F3B164670}.Release|Any CPU.ActiveCfg = Release|Any CPU
		{74C9ADEF-8110-495B-8963-A57F3B164670}.Release|Any CPU.Build.0 = Release|Any CPU
	EndGlobalSection
	GlobalSection(SolutionProperties) = preSolution
		HideSolutionNode = FALSE
	EndGlobalSection
	GlobalSection(ExtensibilityGlobals) = postSolution
		SolutionGuid = {BD18C455-5807-4A28-BC61-54CEA18E954E}
	EndGlobalSection
EndGlobal
