
Microsoft Visual Studio Solution File, Format Version 12.00
# Visual Studio Version 16
VisualStudioVersion = 16.0.31424.327
MinimumVisualStudioVersion = 10.0.40219.1
Project("{FAE04EC0-301F-11D3-BF4B-00C04F79EFBC}") = "LinQGUI", "LinQGUI.csproj", "{D20E1E48-85BB-413D-B70B-613957B578EE}"
EndProject
Global
	GlobalSection(SolutionConfigurationPlatforms) = preSolution
		Debug|Any CPU = Debug|Any CPU
		Release|Any CPU = Release|Any CPU
	EndGlobalSection
	GlobalSection(ProjectConfigurationPlatforms) = postSolution
		{D20E1E48-85BB-413D-B70B-613957B578EE}.Debug|Any CPU.ActiveCfg = Debug|Any CPU
		{D20E1E48-85BB-413D-B70B-613957B578EE}.Debug|Any CPU.Build.0 = Debug|Any CPU
		{D20E1E48-85BB-413D-B70B-613957B578EE}.Release|Any CPU.ActiveCfg = Release|Any CPU
		{D20E1E48-85BB-413D-B70B-613957B578EE}.Release|Any CPU.Build.0 = Release|Any CPU
	EndGlobalSection
	GlobalSection(SolutionProperties) = preSolution
		HideSolutionNode = FALSE
	EndGlobalSection
	GlobalSection(ExtensibilityGlobals) = postSolution
		SolutionGuid = {047216BC-3470-4225-9665-FD6BDB1F5A41}
	EndGlobalSection
EndGlobal
